
Microsoft Visual Studio Solution File, Format Version 12.00
# Visual Studio Version 17
VisualStudioVersion = 17.3.32811.315
MinimumVisualStudioVersion = 10.0.40219.1
Project("{FAE04EC0-301F-11D3-BF4B-00C04F79EFBC}") = "TutorCSharpConsoleApp", "TutorCSharpConsoleApp\TutorCSharpConsoleApp.csproj", "{86C409EB-3610-49F5-B07C-D4FC83DE351D}"
EndProject
Global
	GlobalSection(SolutionConfigurationPlatforms) = preSolution
		Debug|Any CPU = Debug|Any CPU
		Release|Any CPU = Release|Any CPU
	EndGlobalSection
	GlobalSection(ProjectConfigurationPlatforms) = postSolution
		{86C409EB-3610-49F5-B07C-D4FC83DE351D}.Debug|Any CPU.ActiveCfg = Debug|Any CPU
		{86C409EB-3610-49F5-B07C-D4FC83DE351D}.Debug|Any CPU.Build.0 = Debug|Any CPU
		{86C409EB-3610-49F5-B07C-D4FC83DE351D}.Release|Any CPU.ActiveCfg = Release|Any CPU
		{86C409EB-3610-49F5-B07C-D4FC83DE351D}.Release|Any CPU.Build.0 = Release|Any CPU
	EndGlobalSection
	GlobalSection(SolutionProperties) = preSolution
		HideSolutionNode = FALSE
	EndGlobalSection
	GlobalSection(ExtensibilityGlobals) = postSolution
		SolutionGuid = {82EE184D-9180-4580-816A-1B359DED46AA}
	EndGlobalSection
EndGlobal
